
Microsoft Visual Studio Solution File, Format Version 12.00
# Visual Studio Version 16
VisualStudioVersion = 16.0.32126.315
MinimumVisualStudioVersion = 10.0.40219.1
Project("{FAE04EC0-301F-11D3-BF4B-00C04F79EFBC}") = "OopLabProject", "OopLabProject\OopLabProject.csproj", "{038E977B-B012-46FC-94A7-86EDB5A75FDC}"
EndProject
Global
	GlobalSection(SolutionConfigurationPlatforms) = preSolution
		Debug|Any CPU = Debug|Any CPU
		Release|Any CPU = Release|Any CPU
	EndGlobalSection
	GlobalSection(ProjectConfigurationPlatforms) = postSolution
		{038E977B-B012-46FC-94A7-86EDB5A75FDC}.Debug|Any CPU.ActiveCfg = Debug|Any CPU
		{038E977B-B012-46FC-94A7-86EDB5A75FDC}.Debug|Any CPU.Build.0 = Debug|Any CPU
		{038E977B-B012-46FC-94A7-86EDB5A75FDC}.Release|Any CPU.ActiveCfg = Release|Any CPU
		{038E977B-B012-46FC-94A7-86EDB5A75FDC}.Release|Any CPU.Build.0 = Release|Any CPU
	EndGlobalSection
	GlobalSection(SolutionProperties) = preSolution
		HideSolutionNode = FALSE
	EndGlobalSection
	GlobalSection(ExtensibilityGlobals) = postSolution
		SolutionGuid = {87E8B0F8-D101-4910-901F-9403575B6B5E}
	EndGlobalSection
EndGlobal
